
Microsoft Visual Studio Solution File, Format Version 12.00
# Visual Studio Version 17
VisualStudioVersion = 17.14.36518.9 d17.14
MinimumVisualStudioVersion = 10.0.40219.1
Project("{2150E333-8FDC-42A3-9474-1A3956D46DE8}") = "src", "src", "{02EA681E-C7D8-13C7-8484-4AC65E1B71E8}"
EndProject
Project("{2150E333-8FDC-42A3-9474-1A3956D46DE8}") = "BuildingBlocks", "BuildingBlocks", "{169A820E-4AB1-42E6-9CC4-8154020C4AAA}"
EndProject
Project("{2150E333-8FDC-42A3-9474-1A3956D46DE8}") = "Services", "Services", "{B72B9C61-4D21-4015-AED4-88EE81E7CE8D}"
EndProject
Project("{2150E333-8FDC-42A3-9474-1A3956D46DE8}") = "Shared", "Shared", "{E9F7B409-BB3E-43CC-95C5-380FDAB6FDBA}"
EndProject
Project("{FAE04EC0-301F-11D3-BF4B-00C04F79EFBC}") = "MoviesRental.Core", "src\BuildingBlocks\MoviesRental.Core\MoviesRental.Core.csproj", "{46DD4049-297A-4ACD-A61F-8C4618E10719}"
EndProject
Project("{2150E333-8FDC-42A3-9474-1A3956D46DE8}") = "Consumer", "Consumer", "{24ED46C2-09C9-45FD-9DFF-3373CD1B84A2}"
EndProject
Project("{2150E333-8FDC-42A3-9474-1A3956D46DE8}") = "Publisher", "Publisher", "{DF1F98D0-7282-41CE-BB4A-458E59DDAD52}"
EndProject
Project("{FAE04EC0-301F-11D3-BF4B-00C04F79EFBC}") = "MoviesRental.Consumer", "src\Services\Consumer\MoviesRental.Consumer\MoviesRental.Consumer.csproj", "{7265C216-B9BC-4F42-9865-085DBDBA6D0F}"
EndProject
Project("{2150E333-8FDC-42A3-9474-1A3956D46DE8}") = "Domain", "Domain", "{9D89C95C-5810-4546-B89D-BC6E8CBF5449}"
EndProject
Project("{2150E333-8FDC-42A3-9474-1A3956D46DE8}") = "Application", "Application", "{06A6A95E-9834-4E8C-8207-525B216C7D4E}"
EndProject
Project("{2150E333-8FDC-42A3-9474-1A3956D46DE8}") = "Infrastructure", "Infrastructure", "{2BB5D401-3788-42D0-A7B6-B0A1CC485062}"
EndProject
Project("{2150E333-8FDC-42A3-9474-1A3956D46DE8}") = "Presentation", "Presentation", "{DDA08569-9973-4ECC-8DC6-4935673052B9}"
EndProject
Project("{2150E333-8FDC-42A3-9474-1A3956D46DE8}") = "Queries", "Queries", "{A28CF7BE-AF44-46DF-9450-6DBF89C9E1B3}"
EndProject
Project("{2150E333-8FDC-42A3-9474-1A3956D46DE8}") = "Domain", "Domain", "{7E0F1897-1DDE-438C-A95E-577FAAADDA46}"
EndProject
Project("{2150E333-8FDC-42A3-9474-1A3956D46DE8}") = "Application", "Application", "{B897F55E-85FE-4646-88CA-1C44E184181B}"
EndProject
Project("{2150E333-8FDC-42A3-9474-1A3956D46DE8}") = "Infrastructure", "Infrastructure", "{70B3A0C7-4CFC-4278-8F4F-C5117453B4FF}"
EndProject
Project("{FAE04EC0-301F-11D3-BF4B-00C04F79EFBC}") = "MoviesRental.Application", "src\Services\Publisher\Application\MoviesRental.Application\MoviesRental.Application.csproj", "{EE9D7ED5-F125-43A9-AEF6-FA0F42D24C38}"
EndProject
Project("{FAE04EC0-301F-11D3-BF4B-00C04F79EFBC}") = "MoviesRental.Infrastructure", "src\Services\Publisher\Infrastructure\MoviesRental.Infrastructure\MoviesRental.Infrastructure.csproj", "{ECF45286-995C-4477-BA7D-37E1F81B7717}"
EndProject
Project("{FAE04EC0-301F-11D3-BF4B-00C04F79EFBC}") = "MoviesRental.Domain", "src\Services\Publisher\Domain\MoviesRental.Domain\MoviesRental.Domain.csproj", "{140BDCEC-B689-45CC-9CF9-93A4FC9E6162}"
EndProject
Project("{FAE04EC0-301F-11D3-BF4B-00C04F79EFBC}") = "MoviesRental.WebApi", "src\Services\Publisher\Presentation\MoviesRental.WebApi\MoviesRental.WebApi.csproj", "{BEEE51B6-5CAB-4B90-9E9A-19C033708776}"
EndProject
Project("{FAE04EC0-301F-11D3-BF4B-00C04F79EFBC}") = "MoviesRental.Query.Application", "src\Shared\Application\MoviesRental.Query.Application\MoviesRental.Query.Application.csproj", "{9B7975C8-B499-41FF-BAE5-999C8EB107DE}"
EndProject
Project("{FAE04EC0-301F-11D3-BF4B-00C04F79EFBC}") = "MoviesRental.Query.Domain", "src\Shared\Domain\MoviesRental.Query.Domain\MoviesRental.Query.Domain.csproj", "{83A18D85-AFEA-4FE3-A767-B63C94C064E6}"
EndProject
Project("{FAE04EC0-301F-11D3-BF4B-00C04F79EFBC}") = "MoviesRental.Query.Infrastructure", "src\Shared\Infrastructure\MoviesRental.Query.Infrastructure\MoviesRental.Query.Infrastructure.csproj", "{B4982AD7-4730-4F3A-9A90-60EF461217C1}"
EndProject
Global
	GlobalSection(SolutionConfigurationPlatforms) = preSolution
		Debug|Any CPU = Debug|Any CPU
		Release|Any CPU = Release|Any CPU
	EndGlobalSection
	GlobalSection(ProjectConfigurationPlatforms) = postSolution
		{46DD4049-297A-4ACD-A61F-8C4618E10719}.Debug|Any CPU.ActiveCfg = Debug|Any CPU
		{46DD4049-297A-4ACD-A61F-8C4618E10719}.Debug|Any CPU.Build.0 = Debug|Any CPU
		{46DD4049-297A-4ACD-A61F-8C4618E10719}.Release|Any CPU.ActiveCfg = Release|Any CPU
		{46DD4049-297A-4ACD-A61F-8C4618E10719}.Release|Any CPU.Build.0 = Release|Any CPU
		{7265C216-B9BC-4F42-9865-085DBDBA6D0F}.Debug|Any CPU.ActiveCfg = Debug|Any CPU
		{7265C216-B9BC-4F42-9865-085DBDBA6D0F}.Debug|Any CPU.Build.0 = Debug|Any CPU
		{7265C216-B9BC-4F42-9865-085DBDBA6D0F}.Release|Any CPU.ActiveCfg = Release|Any CPU
		{7265C216-B9BC-4F42-9865-085DBDBA6D0F}.Release|Any CPU.Build.0 = Release|Any CPU
		{EE9D7ED5-F125-43A9-AEF6-FA0F42D24C38}.Debug|Any CPU.ActiveCfg = Debug|Any CPU
		{EE9D7ED5-F125-43A9-AEF6-FA0F42D24C38}.Debug|Any CPU.Build.0 = Debug|Any CPU
		{EE9D7ED5-F125-43A9-AEF6-FA0F42D24C38}.Release|Any CPU.ActiveCfg = Release|Any CPU
		{EE9D7ED5-F125-43A9-AEF6-FA0F42D24C38}.Release|Any CPU.Build.0 = Release|Any CPU
		{ECF45286-995C-4477-BA7D-37E1F81B7717}.Debug|Any CPU.ActiveCfg = Debug|Any CPU
		{ECF45286-995C-4477-BA7D-37E1F81B7717}.Debug|Any CPU.Build.0 = Debug|Any CPU
		{ECF45286-995C-4477-BA7D-37E1F81B7717}.Release|Any CPU.ActiveCfg = Release|Any CPU
		{ECF45286-995C-4477-BA7D-37E1F81B7717}.Release|Any CPU.Build.0 = Release|Any CPU
		{140BDCEC-B689-45CC-9CF9-93A4FC9E6162}.Debug|Any CPU.ActiveCfg = Debug|Any CPU
		{140BDCEC-B689-45CC-9CF9-93A4FC9E6162}.Debug|Any CPU.Build.0 = Debug|Any CPU
		{140BDCEC-B689-45CC-9CF9-93A4FC9E6162}.Release|Any CPU.ActiveCfg = Release|Any CPU
		{140BDCEC-B689-45CC-9CF9-93A4FC9E6162}.Release|Any CPU.Build.0 = Release|Any CPU
		{BEEE51B6-5CAB-4B90-9E9A-19C033708776}.Debug|Any CPU.ActiveCfg = Debug|Any CPU
		{BEEE51B6-5CAB-4B90-9E9A-19C033708776}.Debug|Any CPU.Build.0 = Debug|Any CPU
		{BEEE51B6-5CAB-4B90-9E9A-19C033708776}.Release|Any CPU.ActiveCfg = Release|Any CPU
		{BEEE51B6-5CAB-4B90-9E9A-19C033708776}.Release|Any CPU.Build.0 = Release|Any CPU
		{9B7975C8-B499-41FF-BAE5-999C8EB107DE}.Debug|Any CPU.ActiveCfg = Debug|Any CPU
		{9B7975C8-B499-41FF-BAE5-999C8EB107DE}.Debug|Any CPU.Build.0 = Debug|Any CPU
		{9B7975C8-B499-41FF-BAE5-999C8EB107DE}.Release|Any CPU.ActiveCfg = Release|Any CPU
		{9B7975C8-B499-41FF-BAE5-999C8EB107DE}.Release|Any CPU.Build.0 = Release|Any CPU
		{83A18D85-AFEA-4FE3-A767-B63C94C064E6}.Debug|Any CPU.ActiveCfg = Debug|Any CPU
		{83A18D85-AFEA-4FE3-A767-B63C94C064E6}.Debug|Any CPU.Build.0 = Debug|Any CPU
		{83A18D85-AFEA-4FE3-A767-B63C94C064E6}.Release|Any CPU.ActiveCfg = Release|Any CPU
		{83A18D85-AFEA-4FE3-A767-B63C94C064E6}.Release|Any CPU.Build.0 = Release|Any CPU
		{B4982AD7-4730-4F3A-9A90-60EF461217C1}.Debug|Any CPU.ActiveCfg = Debug|Any CPU
		{B4982AD7-4730-4F3A-9A90-60EF461217C1}.Debug|Any CPU.Build.0 = Debug|Any CPU
		{B4982AD7-4730-4F3A-9A90-60EF461217C1}.Release|Any CPU.ActiveCfg = Release|Any CPU
		{B4982AD7-4730-4F3A-9A90-60EF461217C1}.Release|Any CPU.Build.0 = Release|Any CPU
	EndGlobalSection
	GlobalSection(SolutionProperties) = preSolution
		HideSolutionNode = FALSE
	EndGlobalSection
	GlobalSection(NestedProjects) = preSolution
		{169A820E-4AB1-42E6-9CC4-8154020C4AAA} = {02EA681E-C7D8-13C7-8484-4AC65E1B71E8}
		{B72B9C61-4D21-4015-AED4-88EE81E7CE8D} = {02EA681E-C7D8-13C7-8484-4AC65E1B71E8}
		{E9F7B409-BB3E-43CC-95C5-380FDAB6FDBA} = {02EA681E-C7D8-13C7-8484-4AC65E1B71E8}
		{46DD4049-297A-4ACD-A61F-8C4618E10719} = {169A820E-4AB1-42E6-9CC4-8154020C4AAA}
		{24ED46C2-09C9-45FD-9DFF-3373CD1B84A2} = {B72B9C61-4D21-4015-AED4-88EE81E7CE8D}
		{DF1F98D0-7282-41CE-BB4A-458E59DDAD52} = {B72B9C61-4D21-4015-AED4-88EE81E7CE8D}
		{7265C216-B9BC-4F42-9865-085DBDBA6D0F} = {24ED46C2-09C9-45FD-9DFF-3373CD1B84A2}
		{9D89C95C-5810-4546-B89D-BC6E8CBF5449} = {DF1F98D0-7282-41CE-BB4A-458E59DDAD52}
		{06A6A95E-9834-4E8C-8207-525B216C7D4E} = {DF1F98D0-7282-41CE-BB4A-458E59DDAD52}
		{2BB5D401-3788-42D0-A7B6-B0A1CC485062} = {DF1F98D0-7282-41CE-BB4A-458E59DDAD52}
		{DDA08569-9973-4ECC-8DC6-4935673052B9} = {DF1F98D0-7282-41CE-BB4A-458E59DDAD52}
		{A28CF7BE-AF44-46DF-9450-6DBF89C9E1B3} = {E9F7B409-BB3E-43CC-95C5-380FDAB6FDBA}
		{7E0F1897-1DDE-438C-A95E-577FAAADDA46} = {A28CF7BE-AF44-46DF-9450-6DBF89C9E1B3}
		{B897F55E-85FE-4646-88CA-1C44E184181B} = {A28CF7BE-AF44-46DF-9450-6DBF89C9E1B3}
		{70B3A0C7-4CFC-4278-8F4F-C5117453B4FF} = {A28CF7BE-AF44-46DF-9450-6DBF89C9E1B3}
		{EE9D7ED5-F125-43A9-AEF6-FA0F42D24C38} = {06A6A95E-9834-4E8C-8207-525B216C7D4E}
		{ECF45286-995C-4477-BA7D-37E1F81B7717} = {2BB5D401-3788-42D0-A7B6-B0A1CC485062}
		{140BDCEC-B689-45CC-9CF9-93A4FC9E6162} = {9D89C95C-5810-4546-B89D-BC6E8CBF5449}
		{BEEE51B6-5CAB-4B90-9E9A-19C033708776} = {DDA08569-9973-4ECC-8DC6-4935673052B9}
		{9B7975C8-B499-41FF-BAE5-999C8EB107DE} = {B897F55E-85FE-4646-88CA-1C44E184181B}
		{83A18D85-AFEA-4FE3-A767-B63C94C064E6} = {7E0F1897-1DDE-438C-A95E-577FAAADDA46}
		{B4982AD7-4730-4F3A-9A90-60EF461217C1} = {70B3A0C7-4CFC-4278-8F4F-C5117453B4FF}
	EndGlobalSection
	GlobalSection(ExtensibilityGlobals) = postSolution
		SolutionGuid = {8ED27CCF-9449-4F0C-9374-8164CCEA8FDD}
	EndGlobalSection
EndGlobal
